// !$*UTF8*$!
{
	archiveVersion = 1;
	classes = {
	};
	objectVersion = 46;
	objects = {

/* Begin PBXBuildFile section */
		2B6E76A92DEFC2A5A8B12932 /* Pods_VodkaMartini_mac.framework in Frameworks */ = {isa = PBXBuildFile; fileRef = 42B19AFB6F394661EC4434A4 /* Pods_VodkaMartini_mac.framework */; };
		73167D811E08C62300840E86 /* Assets.xcassets in Resources */ = {isa = PBXBuildFile; fileRef = 73167D801E08C62300840E86 /* Assets.xcassets */; };
		73167D981E08C6A000840E86 /* AppDelegate.swift in Sources */ = {isa = PBXBuildFile; fileRef = 73167D8C1E08C6A000840E86 /* AppDelegate.swift */; };
		73167D991E08C6A000840E86 /* WindowController.swift in Sources */ = {isa = PBXBuildFile; fileRef = 73167D8D1E08C6A000840E86 /* WindowController.swift */; };
		73167D9A1E08C6A000840E86 /* ViewController.swift in Sources */ = {isa = PBXBuildFile; fileRef = 73167D8E1E08C6A000840E86 /* ViewController.swift */; };
		73167D9B1E08C6A000840E86 /* SliderAppInterface.swift in Sources */ = {isa = PBXBuildFile; fileRef = 73167D8F1E08C6A000840E86 /* SliderAppInterface.swift */; };
		73167D9C1E08C6A000840E86 /* StemPlayer.swift in Sources */ = {isa = PBXBuildFile; fileRef = 73167D901E08C6A000840E86 /* StemPlayer.swift */; };
		73167D9D1E08C6A000840E86 /* ArduinoInterface.swift in Sources */ = {isa = PBXBuildFile; fileRef = 73167D911E08C6A000840E86 /* ArduinoInterface.swift */; };
		73167D9E1E08C6A000840E86 /* ReplaceSegue.swift in Sources */ = {isa = PBXBuildFile; fileRef = 73167D921E08C6A000840E86 /* ReplaceSegue.swift */; };
		73167D9F1E08C6A000840E86 /* GlassView.xib in Resources */ = {isa = PBXBuildFile; fileRef = 73167D931E08C6A000840E86 /* GlassView.xib */; };
		73167DA01E08C6A000840E86 /* GlassView.swift in Sources */ = {isa = PBXBuildFile; fileRef = 73167D941E08C6A000840E86 /* GlassView.swift */; };
		73167DA11E08C6A000840E86 /* BottlesView.xib in Resources */ = {isa = PBXBuildFile; fileRef = 73167D951E08C6A000840E86 /* BottlesView.xib */; };
		73167DA21E08C6A000840E86 /* BottlesView.swift in Sources */ = {isa = PBXBuildFile; fileRef = 73167D961E08C6A000840E86 /* BottlesView.swift */; };
		73167DA31E08C6A000840E86 /* Main.storyboard in Resources */ = {isa = PBXBuildFile; fileRef = 73167D971E08C6A000840E86 /* Main.storyboard */; };
		73167DA51E08C6AC00840E86 /* master.stem.mp4 in Resources */ = {isa = PBXBuildFile; fileRef = 73167DA41E08C6AC00840E86 /* master.stem.mp4 */; };
		73167DAD1E08CE9A00840E86 /* Order.swift in Sources */ = {isa = PBXBuildFile; fileRef = 73167DAC1E08CE9A00840E86 /* Order.swift */; };
		73167DAF1E08E16D00840E86 /* WhichJBViewController.swift in Sources */ = {isa = PBXBuildFile; fileRef = 73167DAE1E08E16D00840E86 /* WhichJBViewController.swift */; };
		73167DB51E08E31800840E86 /* BartenderNameViewController.swift in Sources */ = {isa = PBXBuildFile; fileRef = 73167DB41E08E31800840E86 /* BartenderNameViewController.swift */; };
		73167DB71E08FB8400840E86 /* vodkamartini-video.mov in Resources */ = {isa = PBXBuildFile; fileRef = 73167DB61E08FB8400840E86 /* vodkamartini-video.mov */; };
		73167DB91E09048000840E86 /* FileSelectViewController.swift in Sources */ = {isa = PBXBuildFile; fileRef = 73167DB81E09048000840E86 /* FileSelectViewController.swift */; };
		73167DBB1E09154300840E86 /* ListenSampleViewController.swift in Sources */ = {isa = PBXBuildFile; fileRef = 73167DBA1E09154300840E86 /* ListenSampleViewController.swift */; };
		73167DBD1E09155400840E86 /* FinishOrderViewController.swift in Sources */ = {isa = PBXBuildFile; fileRef = 73167DBC1E09155400840E86 /* FinishOrderViewController.swift */; };
/* End PBXBuildFile section */

/* Begin PBXFileReference section */
		088FAFFA2A66206BB1378A3A /* Pods-VodkaMartini-mac.release.xcconfig */ = {isa = PBXFileReference; includeInIndex = 1; lastKnownFileType = text.xcconfig; name = "Pods-VodkaMartini-mac.release.xcconfig"; path = "Pods/Target Support Files/Pods-VodkaMartini-mac/Pods-VodkaMartini-mac.release.xcconfig"; sourceTree = "<group>"; };
		42B19AFB6F394661EC4434A4 /* Pods_VodkaMartini_mac.framework */ = {isa = PBXFileReference; explicitFileType = wrapper.framework; includeInIndex = 0; path = Pods_VodkaMartini_mac.framework; sourceTree = BUILT_PRODUCTS_DIR; };
		73167D791E08C62300840E86 /* VodkaMartini.app */ = {isa = PBXFileReference; explicitFileType = wrapper.application; includeInIndex = 0; path = VodkaMartini.app; sourceTree = BUILT_PRODUCTS_DIR; };
		73167D801E08C62300840E86 /* Assets.xcassets */ = {isa = PBXFileReference; lastKnownFileType = folder.assetcatalog; path = Assets.xcassets; sourceTree = "<group>"; };
		73167D851E08C62300840E86 /* Info.plist */ = {isa = PBXFileReference; lastKnownFileType = text.plist.xml; name = Info.plist; path = "VodkaMartini-mac/Info.plist"; sourceTree = "<group>"; };
		73167D8B1E08C69F00840E86 /* VodkaMartini-mac-Bridging-Header.h */ = {isa = PBXFileReference; lastKnownFileType = sourcecode.c.h; name = "VodkaMartini-mac-Bridging-Header.h"; path = "VodkaMartini-mac/VodkaMartini-mac-Bridging-Header.h"; sourceTree = "<group>"; };
		73167D8C1E08C6A000840E86 /* AppDelegate.swift */ = {isa = PBXFileReference; fileEncoding = 4; lastKnownFileType = sourcecode.swift; path = AppDelegate.swift; sourceTree = "<group>"; };
		73167D8D1E08C6A000840E86 /* WindowController.swift */ = {isa = PBXFileReference; fileEncoding = 4; lastKnownFileType = sourcecode.swift; path = WindowController.swift; sourceTree = "<group>"; };
		73167D8E1E08C6A000840E86 /* ViewController.swift */ = {isa = PBXFileReference; fileEncoding = 4; lastKnownFileType = sourcecode.swift; path = ViewController.swift; sourceTree = "<group>"; };
		73167D8F1E08C6A000840E86 /* SliderAppInterface.swift */ = {isa = PBXFileReference; fileEncoding = 4; lastKnownFileType = sourcecode.swift; path = SliderAppInterface.swift; sourceTree = "<group>"; };
		73167D901E08C6A000840E86 /* StemPlayer.swift */ = {isa = PBXFileReference; fileEncoding = 4; lastKnownFileType = sourcecode.swift; path = StemPlayer.swift; sourceTree = "<group>"; };
		73167D911E08C6A000840E86 /* ArduinoInterface.swift */ = {isa = PBXFileReference; fileEncoding = 4; lastKnownFileType = sourcecode.swift; path = ArduinoInterface.swift; sourceTree = "<group>"; };
		73167D921E08C6A000840E86 /* ReplaceSegue.swift */ = {isa = PBXFileReference; fileEncoding = 4; lastKnownFileType = sourcecode.swift; name = ReplaceSegue.swift; path = "VodkaMartini-mac/ReplaceSegue.swift"; sourceTree = "<group>"; };
		73167D931E08C6A000840E86 /* GlassView.xib */ = {isa = PBXFileReference; fileEncoding = 4; lastKnownFileType = file.xib; path = GlassView.xib; sourceTree = "<group>"; };
		73167D941E08C6A000840E86 /* GlassView.swift */ = {isa = PBXFileReference; fileEncoding = 4; lastKnownFileType = sourcecode.swift; path = GlassView.swift; sourceTree = "<group>"; };
		73167D951E08C6A000840E86 /* BottlesView.xib */ = {isa = PBXFileReference; fileEncoding = 4; lastKnownFileType = file.xib; path = BottlesView.xib; sourceTree = "<group>"; };
		73167D961E08C6A000840E86 /* BottlesView.swift */ = {isa = PBXFileReference; fileEncoding = 4; lastKnownFileType = sourcecode.swift; path = BottlesView.swift; sourceTree = "<group>"; };
		73167D971E08C6A000840E86 /* Main.storyboard */ = {isa = PBXFileReference; fileEncoding = 4; lastKnownFileType = file.storyboard; path = Main.storyboard; sourceTree = "<group>"; };
		73167DA41E08C6AC00840E86 /* master.stem.mp4 */ = {isa = PBXFileReference; lastKnownFileType = file; path = master.stem.mp4; sourceTree = "<group>"; };
		73167DAC1E08CE9A00840E86 /* Order.swift */ = {isa = PBXFileReference; fileEncoding = 4; lastKnownFileType = sourcecode.swift; path = Order.swift; sourceTree = "<group>"; };
		73167DAE1E08E16D00840E86 /* WhichJBViewController.swift */ = {isa = PBXFileReference; fileEncoding = 4; lastKnownFileType = sourcecode.swift; path = WhichJBViewController.swift; sourceTree = "<group>"; };
		73167DB41E08E31800840E86 /* BartenderNameViewController.swift */ = {isa = PBXFileReference; fileEncoding = 4; lastKnownFileType = sourcecode.swift; path = BartenderNameViewController.swift; sourceTree = "<group>"; };
		73167DB61E08FB8400840E86 /* vodkamartini-video.mov */ = {isa = PBXFileReference; lastKnownFileType = video.quicktime; path = "vodkamartini-video.mov"; sourceTree = "<group>"; };
		73167DB81E09048000840E86 /* FileSelectViewController.swift */ = {isa = PBXFileReference; fileEncoding = 4; lastKnownFileType = sourcecode.swift; path = FileSelectViewController.swift; sourceTree = "<group>"; };
		73167DBA1E09154300840E86 /* ListenSampleViewController.swift */ = {isa = PBXFileReference; fileEncoding = 4; lastKnownFileType = sourcecode.swift; path = ListenSampleViewController.swift; sourceTree = "<group>"; };
		73167DBC1E09155400840E86 /* FinishOrderViewController.swift */ = {isa = PBXFileReference; fileEncoding = 4; lastKnownFileType = sourcecode.swift; path = FinishOrderViewController.swift; sourceTree = "<group>"; };
		B77B7730A01F2C3609D4F614 /* Pods-VodkaMartini-mac.debug.xcconfig */ = {isa = PBXFileReference; includeInIndex = 1; lastKnownFileType = text.xcconfig; name = "Pods-VodkaMartini-mac.debug.xcconfig"; path = "Pods/Target Support Files/Pods-VodkaMartini-mac/Pods-VodkaMartini-mac.debug.xcconfig"; sourceTree = "<group>"; };
/* End PBXFileReference section */

/* Begin PBXFrameworksBuildPhase section */
		73167D761E08C62300840E86 /* Frameworks */ = {
			isa = PBXFrameworksBuildPhase;
			buildActionMask = 2147483647;
			files = (
				2B6E76A92DEFC2A5A8B12932 /* Pods_VodkaMartini_mac.framework in Frameworks */,
			);
			runOnlyForDeploymentPostprocessing = 0;
		};
/* End PBXFrameworksBuildPhase section */

/* Begin PBXGroup section */
		605D7606A1F031E213B1F70E /* Pods */ = {
			isa = PBXGroup;
			children = (
				B77B7730A01F2C3609D4F614 /* Pods-VodkaMartini-mac.debug.xcconfig */,
				088FAFFA2A66206BB1378A3A /* Pods-VodkaMartini-mac.release.xcconfig */,
			);
			name = Pods;
			sourceTree = "<group>";
		};
		73167D701E08C62300840E86 = {
			isa = PBXGroup;
			children = (
				73167D7B1E08C62300840E86 /* VodkaMartini */,
				73167DAA1E08CE1700840E86 /* supporting files */,
			);
			sourceTree = "<group>";
		};
		73167D7A1E08C62300840E86 /* Products */ = {
			isa = PBXGroup;
			children = (
				73167D791E08C62300840E86 /* VodkaMartini.app */,
			);
			name = Products;
			sourceTree = "<group>";
		};
		73167D7B1E08C62300840E86 /* VodkaMartini */ = {
			isa = PBXGroup;
			children = (
				73167DA41E08C6AC00840E86 /* master.stem.mp4 */,
				73167DB61E08FB8400840E86 /* vodkamartini-video.mov */,
				73167DA71E08CDE000840E86 /* main */,
				73167DA81E08CDEC00840E86 /* models */,
				73167DAB1E08CE3700840E86 /* controllers */,
				73167DA91E08CDFE00840E86 /* views */,
				73167D801E08C62300840E86 /* Assets.xcassets */,
			);
			name = VodkaMartini;
			path = "VodkaMartini-mac";
			sourceTree = "<group>";
		};
		73167DA71E08CDE000840E86 /* main */ = {
			isa = PBXGroup;
			children = (
				73167D971E08C6A000840E86 /* Main.storyboard */,
				73167D8C1E08C6A000840E86 /* AppDelegate.swift */,
				73167D8D1E08C6A000840E86 /* WindowController.swift */,
			);
			name = main;
			sourceTree = "<group>";
		};
		73167DA81E08CDEC00840E86 /* models */ = {
			isa = PBXGroup;
			children = (
				73167D8F1E08C6A000840E86 /* SliderAppInterface.swift */,
				73167D901E08C6A000840E86 /* StemPlayer.swift */,
				73167D911E08C6A000840E86 /* ArduinoInterface.swift */,
				73167DAC1E08CE9A00840E86 /* Order.swift */,
			);
			name = models;
			sourceTree = "<group>";
		};
		73167DA91E08CDFE00840E86 /* views */ = {
			isa = PBXGroup;
			children = (
				73167D931E08C6A000840E86 /* GlassView.xib */,
				73167D941E08C6A000840E86 /* GlassView.swift */,
				73167D951E08C6A000840E86 /* BottlesView.xib */,
				73167D961E08C6A000840E86 /* BottlesView.swift */,
			);
			name = views;
			sourceTree = "<group>";
		};
		73167DAA1E08CE1700840E86 /* supporting files */ = {
			isa = PBXGroup;
			children = (
				73167D921E08C6A000840E86 /* ReplaceSegue.swift */,
				73167D851E08C62300840E86 /* Info.plist */,
				73167D8B1E08C69F00840E86 /* VodkaMartini-mac-Bridging-Header.h */,
				73167D7A1E08C62300840E86 /* Products */,
				605D7606A1F031E213B1F70E /* Pods */,
				AC25E6105F2793565F9A5A62 /* Frameworks */,
			);
			name = "supporting files";
			sourceTree = "<group>";
		};
		73167DAB1E08CE3700840E86 /* controllers */ = {
			isa = PBXGroup;
			children = (
				73167DB41E08E31800840E86 /* BartenderNameViewController.swift */,
				73167DAE1E08E16D00840E86 /* WhichJBViewController.swift */,
				73167DB81E09048000840E86 /* FileSelectViewController.swift */,
				73167DBA1E09154300840E86 /* ListenSampleViewController.swift */,
				73167DBC1E09155400840E86 /* FinishOrderViewController.swift */,
				73167D8E1E08C6A000840E86 /* ViewController.swift */,
			);
			name = controllers;
			sourceTree = "<group>";
		};
		AC25E6105F2793565F9A5A62 /* Frameworks */ = {
			isa = PBXGroup;
			children = (
				42B19AFB6F394661EC4434A4 /* Pods_VodkaMartini_mac.framework */,
			);
			name = Frameworks;
			sourceTree = "<group>";
		};
/* End PBXGroup section */

/* Begin PBXNativeTarget section */
		73167D781E08C62300840E86 /* VodkaMartini */ = {
			isa = PBXNativeTarget;
			buildConfigurationList = 73167D881E08C62300840E86 /* Build configuration list for PBXNativeTarget "VodkaMartini" */;
			buildPhases = (
				03ED4A40709A79DC2AE23751 /* [CP] Check Pods Manifest.lock */,
				73167D751E08C62300840E86 /* Sources */,
				73167D761E08C62300840E86 /* Frameworks */,
				73167D771E08C62300840E86 /* Resources */,
				A27376F89B0956AFD5890906 /* [CP] Embed Pods Frameworks */,
				353C983BCB420E55F70108DF /* [CP] Copy Pods Resources */,
			);
			buildRules = (
			);
			dependencies = (
			);
			name = VodkaMartini;
			productName = "VodkaMartini-mac";
			productReference = 73167D791E08C62300840E86 /* VodkaMartini.app */;
			productType = "com.apple.product-type.application";
		};
/* End PBXNativeTarget section */

/* Begin PBXProject section */
		73167D711E08C62300840E86 /* Project object */ = {
			isa = PBXProject;
			attributes = {
				LastSwiftUpdateCheck = 0820;
				LastUpgradeCheck = 0820;
				ORGANIZATIONNAME = Bangtoven;
				TargetAttributes = {
					73167D781E08C62300840E86 = {
						CreatedOnToolsVersion = 8.2;
						LastSwiftMigration = 0820;
						ProvisioningStyle = Automatic;
					};
				};
			};
			buildConfigurationList = 73167D741E08C62300840E86 /* Build configuration list for PBXProject "VodkaMartini" */;
			compatibilityVersion = "Xcode 3.2";
			developmentRegion = English;
			hasScannedForEncodings = 0;
			knownRegions = (
				en,
				Base,
			);
			mainGroup = 73167D701E08C62300840E86;
			productRefGroup = 73167D7A1E08C62300840E86 /* Products */;
			projectDirPath = "";
			projectRoot = "";
			targets = (
				73167D781E08C62300840E86 /* VodkaMartini */,
			);
		};
/* End PBXProject section */

/* Begin PBXResourcesBuildPhase section */
		73167D771E08C62300840E86 /* Resources */ = {
			isa = PBXResourcesBuildPhase;
			buildActionMask = 2147483647;
			files = (
				73167DA11E08C6A000840E86 /* BottlesView.xib in Resources */,
				73167D811E08C62300840E86 /* Assets.xcassets in Resources */,
				73167D9F1E08C6A000840E86 /* GlassView.xib in Resources */,
				73167DA51E08C6AC00840E86 /* master.stem.mp4 in Resources */,
				73167DA31E08C6A000840E86 /* Main.storyboard in Resources */,
				73167DB71E08FB8400840E86 /* vodkamartini-video.mov in Resources */,
			);
			runOnlyForDeploymentPostprocessing = 0;
		};
/* End PBXResourcesBuildPhase section */

/* Begin PBXShellScriptBuildPhase section */
		03ED4A40709A79DC2AE23751 /* [CP] Check Pods Manifest.lock */ = {
			isa = PBXShellScriptBuildPhase;
			buildActionMask = 2147483647;
			files = (
			);
			inputPaths = (
			);
			name = "[CP] Check Pods Manifest.lock";
			outputPaths = (
			);
			runOnlyForDeploymentPostprocessing = 0;
			shellPath = /bin/sh;
			shellScript = "diff \"${PODS_ROOT}/../Podfile.lock\" \"${PODS_ROOT}/Manifest.lock\" > /dev/null\nif [ $? != 0 ] ; then\n    # print error to STDERR\n    echo \"error: The sandbox is not in sync with the Podfile.lock. Run 'pod install' or update your CocoaPods installation.\" >&2\n    exit 1\nfi\n";
			showEnvVarsInLog = 0;
		};
		353C983BCB420E55F70108DF /* [CP] Copy Pods Resources */ = {
			isa = PBXShellScriptBuildPhase;
			buildActionMask = 2147483647;
			files = (
			);
			inputPaths = (
			);
			name = "[CP] Copy Pods Resources";
			outputPaths = (
			);
			runOnlyForDeploymentPostprocessing = 0;
			shellPath = /bin/sh;
			shellScript = "\"${SRCROOT}/Pods/Target Support Files/Pods-VodkaMartini-mac/Pods-VodkaMartini-mac-resources.sh\"\n";
			showEnvVarsInLog = 0;
		};
		A27376F89B0956AFD5890906 /* [CP] Embed Pods Frameworks */ = {
			isa = PBXShellScriptBuildPhase;
			buildActionMask = 2147483647;
			files = (
			);
			inputPaths = (
			);
			name = "[CP] Embed Pods Frameworks";
			outputPaths = (
			);
			runOnlyForDeploymentPostprocessing = 0;
			shellPath = /bin/sh;
			shellScript = "\"${SRCROOT}/Pods/Target Support Files/Pods-VodkaMartini-mac/Pods-VodkaMartini-mac-frameworks.sh\"\n";
			showEnvVarsInLog = 0;
		};
/* End PBXShellScriptBuildPhase section */

/* Begin PBXSourcesBuildPhase section */
		73167D751E08C62300840E86 /* Sources */ = {
			isa = PBXSourcesBuildPhase;
			buildActionMask = 2147483647;
			files = (
				73167D9B1E08C6A000840E86 /* SliderAppInterface.swift in Sources */,
				73167D9A1E08C6A000840E86 /* ViewController.swift in Sources */,
				73167DAD1E08CE9A00840E86 /* Order.swift in Sources */,
				73167D9C1E08C6A000840E86 /* StemPlayer.swift in Sources */,
				73167DBD1E09155400840E86 /* FinishOrderViewController.swift in Sources */,
				73167D9E1E08C6A000840E86 /* ReplaceSegue.swift in Sources */,
				73167D981E08C6A000840E86 /* AppDelegate.swift in Sources */,
				73167D9D1E08C6A000840E86 /* ArduinoInterface.swift in Sources */,
				73167D991E08C6A000840E86 /* WindowController.swift in Sources */,
				73167DBB1E09154300840E86 /* ListenSampleViewController.swift in Sources */,
				73167DAF1E08E16D00840E86 /* WhichJBViewController.swift in Sources */,
				73167DB51E08E31800840E86 /* BartenderNameViewController.swift in Sources */,
				73167DA01E08C6A000840E86 /* GlassView.swift in Sources */,
				73167DB91E09048000840E86 /* FileSelectViewController.swift in Sources */,
				73167DA21E08C6A000840E86 /* BottlesView.swift in Sources */,
			);
			runOnlyForDeploymentPostprocessing = 0;
		};
/* End PBXSourcesBuildPhase section */

/* Begin XCBuildConfiguration section */
		73167D861E08C62300840E86 /* Debug */ = {
			isa = XCBuildConfiguration;
			buildSettings = {
				ALWAYS_SEARCH_USER_PATHS = NO;
				CLANG_ANALYZER_NONNULL = YES;
				CLANG_CXX_LANGUAGE_STANDARD = "gnu++0x";
				CLANG_CXX_LIBRARY = "libc++";
				CLANG_ENABLE_MODULES = YES;
				CLANG_ENABLE_OBJC_ARC = YES;
				CLANG_WARN_BOOL_CONVERSION = YES;
				CLANG_WARN_CONSTANT_CONVERSION = YES;
				CLANG_WARN_DIRECT_OBJC_ISA_USAGE = YES_ERROR;
				CLANG_WARN_DOCUMENTATION_COMMENTS = YES;
				CLANG_WARN_EMPTY_BODY = YES;
				CLANG_WARN_ENUM_CONVERSION = YES;
				CLANG_WARN_INFINITE_RECURSION = YES;
				CLANG_WARN_INT_CONVERSION = YES;
				CLANG_WARN_OBJC_ROOT_CLASS = YES_ERROR;
				CLANG_WARN_SUSPICIOUS_MOVE = YES;
				CLANG_WARN_UNREACHABLE_CODE = YES;
				CLANG_WARN__DUPLICATE_METHOD_MATCH = YES;
				CODE_SIGN_IDENTITY = "-";
				COPY_PHASE_STRIP = NO;
				DEBUG_INFORMATION_FORMAT = dwarf;
				ENABLE_STRICT_OBJC_MSGSEND = YES;
				ENABLE_TESTABILITY = YES;
				GCC_C_LANGUAGE_STANDARD = gnu99;
				GCC_DYNAMIC_NO_PIC = NO;
				GCC_NO_COMMON_BLOCKS = YES;
				GCC_OPTIMIZATION_LEVEL = 0;
				GCC_PREPROCESSOR_DEFINITIONS = (
					"DEBUG=1",
					"$(inherited)",
				);
				GCC_WARN_64_TO_32_BIT_CONVERSION = YES;
				GCC_WARN_ABOUT_RETURN_TYPE = YES_ERROR;
				GCC_WARN_UNDECLARED_SELECTOR = YES;
				GCC_WARN_UNINITIALIZED_AUTOS = YES_AGGRESSIVE;
				GCC_WARN_UNUSED_FUNCTION = YES;
				GCC_WARN_UNUSED_VARIABLE = YES;
				MACOSX_DEPLOYMENT_TARGET = 10.12;
				MTL_ENABLE_DEBUG_INFO = YES;
				ONLY_ACTIVE_ARCH = YES;
				SDKROOT = macosx;
				SWIFT_ACTIVE_COMPILATION_CONDITIONS = DEBUG;
				SWIFT_OPTIMIZATION_LEVEL = "-Onone";
			};
			name = Debug;
		};
		73167D871E08C62300840E86 /* Release */ = {
			isa = XCBuildConfiguration;
			buildSettings = {
				ALWAYS_SEARCH_USER_PATHS = NO;
				CLANG_ANALYZER_NONNULL = YES;
				CLANG_CXX_LANGUAGE_STANDARD = "gnu++0x";
				CLANG_CXX_LIBRARY = "libc++";
				CLANG_ENABLE_MODULES = YES;
				CLANG_ENABLE_OBJC_ARC = YES;
				CLANG_WARN_BOOL_CONVERSION = YES;
				CLANG_WARN_CONSTANT_CONVERSION = YES;
				CLANG_WARN_DIRECT_OBJC_ISA_USAGE = YES_ERROR;
				CLANG_WARN_DOCUMENTATION_COMMENTS = YES;
				CLANG_WARN_EMPTY_BODY = YES;
				CLANG_WARN_ENUM_CONVERSION = YES;
				CLANG_WARN_INFINITE_RECURSION = YES;
				CLANG_WARN_INT_CONVERSION = YES;
				CLANG_WARN_OBJC_ROOT_CLASS = YES_ERROR;
				CLANG_WARN_SUSPICIOUS_MOVE = YES;
				CLANG_WARN_UNREACHABLE_CODE = YES;
				CLANG_WARN__DUPLICATE_METHOD_MATCH = YES;
				CODE_SIGN_IDENTITY = "-";
				COPY_PHASE_STRIP = NO;
				DEBUG_INFORMATION_FORMAT = "dwarf-with-dsym";
				ENABLE_NS_ASSERTIONS = NO;
				ENABLE_STRICT_OBJC_MSGSEND = YES;
				GCC_C_LANGUAGE_STANDARD = gnu99;
				GCC_NO_COMMON_BLOCKS = YES;
				GCC_WARN_64_TO_32_BIT_CONVERSION = YES;
				GCC_WARN_ABOUT_RETURN_TYPE = YES_ERROR;
				GCC_WARN_UNDECLARED_SELECTOR = YES;
				GCC_WARN_UNINITIALIZED_AUTOS = YES_AGGRESSIVE;
				GCC_WARN_UNUSED_FUNCTION = YES;
				GCC_WARN_UNUSED_VARIABLE = YES;
				MACOSX_DEPLOYMENT_TARGET = 10.12;
				MTL_ENABLE_DEBUG_INFO = NO;
				SDKROOT = macosx;
				SWIFT_OPTIMIZATION_LEVEL = "-Owholemodule";
			};
			name = Release;
		};
		73167D891E08C62300840E86 /* Debug */ = {
			isa = XCBuildConfiguration;
			baseConfigurationReference = B77B7730A01F2C3609D4F614 /* Pods-VodkaMartini-mac.debug.xcconfig */;
			buildSettings = {
				ASSETCATALOG_COMPILER_APPICON_NAME = AppIcon;
				CLANG_ENABLE_MODULES = YES;
				COMBINE_HIDPI_IMAGES = YES;
				INFOPLIST_FILE = "VodkaMartini-mac/Info.plist";
				LD_RUNPATH_SEARCH_PATHS = "$(inherited) @executable_path/../Frameworks";
				PRODUCT_BUNDLE_IDENTIFIER = "com.bangtoven.VodkaMartini-mac";
				PRODUCT_NAME = "$(TARGET_NAME)";
				SWIFT_OBJC_BRIDGING_HEADER = "VodkaMartini-mac/VodkaMartini-mac-Bridging-Header.h";
				SWIFT_OPTIMIZATION_LEVEL = "-Onone";
				SWIFT_VERSION = 3.0;
			};
			name = Debug;
		};
		73167D8A1E08C62300840E86 /* Release */ = {
			isa = XCBuildConfiguration;
			baseConfigurationReference = 088FAFFA2A66206BB1378A3A /* Pods-VodkaMartini-mac.release.xcconfig */;
			buildSettings = {
				ASSETCATALOG_COMPILER_APPICON_NAME = AppIcon;
				CLANG_ENABLE_MODULES = YES;
				COMBINE_HIDPI_IMAGES = YES;
				INFOPLIST_FILE = "VodkaMartini-mac/Info.plist";
				LD_RUNPATH_SEARCH_PATHS = "$(inherited) @executable_path/../Frameworks";
				PRODUCT_BUNDLE_IDENTIFIER = "com.bangtoven.VodkaMartini-mac";
				PRODUCT_NAME = "$(TARGET_NAME)";
				SWIFT_OBJC_BRIDGING_HEADER = "VodkaMartini-mac/VodkaMartini-mac-Bridging-Header.h";
				SWIFT_VERSION = 3.0;
			};
			name = Release;
		};
/* End XCBuildConfiguration section */

/* Begin XCConfigurationList section */
		73167D741E08C62300840E86 /* Build configuration list for PBXProject "VodkaMartini" */ = {
			isa = XCConfigurationList;
			buildConfigurations = (
				73167D861E08C62300840E86 /* Debug */,
				73167D871E08C62300840E86 /* Release */,
			);
			defaultConfigurationIsVisible = 0;
			defaultConfigurationName = Release;
		};
		73167D881E08C62300840E86 /* Build configuration list for PBXNativeTarget "VodkaMartini" */ = {
			isa = XCConfigurationList;
			buildConfigurations = (
				73167D891E08C62300840E86 /* Debug */,
				73167D8A1E08C62300840E86 /* Release */,
			);
			defaultConfigurationIsVisible = 0;
			defaultConfigurationName = Release;
		};
/* End XCConfigurationList section */
	};
	rootObject = 73167D711E08C62300840E86 /* Project object */;
}
